{
    "_readme": [
        "This file locks the dependencies of your project to a known state",
        "Read more about it at https://getcomposer.org/doc/01-basic-usage.md#composer-lock-the-lock-file",
        "This file is @generated automatically"
    ],
    "hash": "ff57a91bdb73cf0ff2a1bd876dd1c7d0",
    "content-hash": "479597f5b88fa8f758ba1f3492f1cd1d",
    "packages": [
        {
            "name": "bitworking/mimeparse",
            "version": "2.1.2",
            "source": {
                "type": "git",
                "url": "https://github.com/conneg/mimeparse-php.git",
                "reference": "db3f7be1ab4d9bfff5764e56ad84872eb3b87c1c"
            },
            "dist": {
                "type": "zip",
                "url": "https://api.github.com/repos/conneg/mimeparse-php/zipball/db3f7be1ab4d9bfff5764e56ad84872eb3b87c1c",
                "reference": "db3f7be1ab4d9bfff5764e56ad84872eb3b87c1c",
                "shasum": ""
            },
            "require": {
                "php": ">=5.3.2"
            },
            "require-dev": {
                "jakub-onderka/php-parallel-lint": "0.8.*",
                "phpunit/phpunit": "~4.5",
                "satooshi/php-coveralls": "0.6.*",
                "squizlabs/php_codesniffer": "~2.2"
            },
            "type": "library",
            "autoload": {
                "psr-4": {
                    "Bitworking\\": "src/Bitworking/"
                }
            },
            "notification-url": "https://packagist.org/downloads/",
            "license": [
                "MIT"
            ],
            "authors": [
                {
                    "name": "Joe Gregorio",
                    "homepage": "http://bitworking.org"
                },
                {
                    "name": "Andrew \"Venom\" K."
                },
                {
                    "name": "Ben Ramsey",
                    "homepage": "http://benramsey.com"
                }
            ],
            "description": "Basic functions for handling mime-types, forked from Joe Gregorio's mimeparse library <http://code.google.com/p/mimeparse/>.",
            "keywords": [
                "accept",
                "http",
                "mime"
            ],
            "time": "2015-04-25 17:28:31"
        },
        {
            "name": "respect/rest",
            "version": "0.6.0",
            "source": {
                "type": "git",
                "url": "https://github.com/Respect/Rest.git",
                "reference": "4f60aa199623d738a3391ca1e80bafb754bc9308"
            },
            "dist": {
                "type": "zip",
                "url": "https://api.github.com/repos/Respect/Rest/zipball/4f60aa199623d738a3391ca1e80bafb754bc9308",
                "reference": "4f60aa199623d738a3391ca1e80bafb754bc9308",
                "shasum": ""
            },
            "require": {
                "php": ">=5.3.0"
            },
            "require-dev": {
                "phpunit/phpunit": "~4.4.0"
            },
            "type": "library",
            "autoload": {
                "psr-4": {
                    "Respect\\": "library/Respect"
                }
            },
            "notification-url": "https://packagist.org/downloads/",
            "license": [
                "BSD Style"
            ],
            "authors": [
                {
                    "name": "Alexandre Gaigalas",
                    "email": "alexandre@gaigalas.net"
                },
                {
                    "name": "Respect/Data Contributors",
                    "homepage": "https://github.com/Respect/Data/graphs/contributors"
                }
            ],
            "description": "Thin controller for RESTful applications",
            "homepage": "http://respect.li/",
            "time": "2015-01-12 09:55:16"
        }
    ],
    "packages-dev": [],
    "aliases": [],
    "minimum-stability": "stable",
    "stability-flags": [],
    "prefer-stable": false,
    "prefer-lowest": false,
    "platform": {
        "php": ">=5.5.0"
    },
    "platform-dev": []
}
